
Microsoft Visual Studio Solution File, Format Version 12.00
# Visual Studio Version 17
VisualStudioVersion = 17.4.33403.182
MinimumVisualStudioVersion = 10.0.40219.1
Project("{FAE04EC0-301F-11D3-BF4B-00C04F79EFBC}") = "LSP", "LSP\LSP.csproj", "{094202DF-BF05-4421-9874-60D3C870A256}"
EndProject
Global
	GlobalSection(SolutionConfigurationPlatforms) = preSolution
		Debug|Any CPU = Debug|Any CPU
		Release|Any CPU = Release|Any CPU
	EndGlobalSection
	GlobalSection(ProjectConfigurationPlatforms) = postSolution
		{094202DF-BF05-4421-9874-60D3C870A256}.Debug|Any CPU.ActiveCfg = Debug|Any CPU
		{094202DF-BF05-4421-9874-60D3C870A256}.Debug|Any CPU.Build.0 = Debug|Any CPU
		{094202DF-BF05-4421-9874-60D3C870A256}.Release|Any CPU.ActiveCfg = Release|Any CPU
		{094202DF-BF05-4421-9874-60D3C870A256}.Release|Any CPU.Build.0 = Release|Any CPU
	EndGlobalSection
	GlobalSection(SolutionProperties) = preSolution
		HideSolutionNode = FALSE
	EndGlobalSection
	GlobalSection(ExtensibilityGlobals) = postSolution
		SolutionGuid = {3C7518D4-9553-4DAB-86D1-255E7E8303F9}
	EndGlobalSection
EndGlobal
